# This file is automatically @generated by Cargo.
# It is not intended for manual editing.
[[package]]
name = "cracking-codes-rs"
version = "0.1.0"
dependencies = [
 "unicode-reverse",
]

[[package]]
name = "unicode-reverse"
version = "1.0.8"
source = "registry+https://github.com/rust-lang/crates.io-index"
checksum = "0bea5dacebb0d2d0a69a6700a05b59b3908bf801bf563a49bd27a1b60122962c"
dependencies = [
 "unicode-segmentation",
]

[[package]]
name = "unicode-segmentation"
version = "1.6.0"
source = "registry+https://github.com/rust-lang/crates.io-index"
checksum = "e83e153d1053cbb5a118eeff7fd5be06ed99153f00dbcd8ae310c5fb2b22edc0"
